<?xml version="1.0" encoding="utf-8"?>
<Project ToolsVersion="4.0" xmlns="http://schemas.microsoft.com/developer/msbuild/2003">
  <ItemGroup>
    <Filter Include="ソース ファイル">
      <UniqueIdentifier>{4FC737F1-C7A5-4376-A066-2A32D752A2FF}</UniqueIdentifier>
      <Extensions>cpp;c;cc;cxx;def;odl;idl;hpj;bat;asm;asmx</Extensions>
    </Filter>
    <Filter Include="Environment">
      <UniqueIdentifier>{5541fda2-d8d2-497c-9729-c3f2e0b56939}</UniqueIdentifier>
    </Filter>
    <Filter Include="Character">
      <UniqueIdentifier>{e291136e-75ea-49e7-8a5f-1a32478df4a3}</UniqueIdentifier>
    </Filter>
    <Filter Include="HitChecks">
      <UniqueIdentifier>{89ae011d-1916-40c3-abcd-092676c9d8c0}</UniqueIdentifier>
    </Filter>
    <Filter Include="ソース ファイル\MyLib">
      <UniqueIdentifier>{a7470f37-c5c2-41b7-b850-d52ad8defc41}</UniqueIdentifier>
    </Filter>
    <Filter Include="Attack">
      <UniqueIdentifier>{43df40af-9abd-4eb4-892a-faa1097b8f17}</UniqueIdentifier>
    </Filter>
  </ItemGroup>
  <ItemGroup>
    <ClCompile Include="Color.cpp">
      <Filter>ソース ファイル\MyLib</Filter>
    </ClCompile>
    <ClCompile Include="Box.cpp">
      <Filter>ソース ファイル\MyLib</Filter>
    </ClCompile>
    <ClCompile Include="Input.cpp">
      <Filter>ソース ファイル</Filter>
    </ClCompile>
    <ClCompile Include="Camera.cpp">
      <Filter>ソース ファイル</Filter>
    </ClCompile>
    <ClCompile Include="Skydome.cpp">
      <Filter>Environment</Filter>
    </ClCompile>
    <ClCompile Include="Player.cpp">
      <Filter>Character</Filter>
    </ClCompile>
    <ClCompile Include="main.cpp">
      <Filter>ソース ファイル</Filter>
    </ClCompile>
    <ClCompile Include="Stage.cpp">
      <Filter>Environment</Filter>
    </ClCompile>
    <ClCompile Include="HitChecker.cpp">
      <Filter>HitChecks</Filter>
    </ClCompile>
    <ClCompile Include="Enemy.cpp">
      <Filter>Character</Filter>
    </ClCompile>
    <ClCompile Include="EnemyAttackHitRangeChecker.cpp">
      <Filter>HitChecks</Filter>
    </ClCompile>
    <ClCompile Include="OnAttackedPlayerHit.cpp">
      <Filter>HitChecks</Filter>
    </ClCompile>
    <ClCompile Include="Effect.cpp">
      <Filter>ソース ファイル</Filter>
    </ClCompile>
    <ClCompile Include="UI.cpp">
      <Filter>ソース ファイル</Filter>
    </ClCompile>
    <ClCompile Include="OnAttackedEnemyHit.cpp">
      <Filter>HitChecks</Filter>
    </ClCompile>
    <ClCompile Include="EnergyBall.cpp">
      <Filter>Environment</Filter>
    </ClCompile>
    <ClCompile Include="GameManager.cpp">
      <Filter>ソース ファイル</Filter>
    </ClCompile>
    <ClCompile Include="Sound.cpp">
      <Filter>ソース ファイル</Filter>
    </ClCompile>
  </ItemGroup>
  <ItemGroup>
    <ClInclude Include="Pallet.h">
      <Filter>ソース ファイル\MyLib</Filter>
    </ClInclude>
    <ClInclude Include="Color.h">
      <Filter>ソース ファイル\MyLib</Filter>
    </ClInclude>
    <ClInclude Include="Box.h">
      <Filter>ソース ファイル\MyLib</Filter>
    </ClInclude>
    <ClInclude Include="Input.h">
      <Filter>ソース ファイル</Filter>
    </ClInclude>
    <ClInclude Include="Camera.h">
      <Filter>ソース ファイル</Filter>
    </ClInclude>
    <ClInclude Include="Stage.h">
      <Filter>Environment</Filter>
    </ClInclude>
    <ClInclude Include="Skydome.h">
      <Filter>Environment</Filter>
    </ClInclude>
    <ClInclude Include="Player.h">
      <Filter>Character</Filter>
    </ClInclude>
    <ClInclude Include="EnemyAttackRangeChecker.h">
      <Filter>HitChecks</Filter>
    </ClInclude>
    <ClInclude Include="Enemy.h">
      <Filter>Character</Filter>
    </ClInclude>
    <ClInclude Include="HitChecker.h">
      <Filter>HitChecks</Filter>
    </ClInclude>
    <ClInclude Include="OnAttackedPlayerHit.h">
      <Filter>HitChecks</Filter>
    </ClInclude>
    <ClInclude Include="Effect.h">
      <Filter>ソース ファイル</Filter>
    </ClInclude>
    <ClInclude Include="UI.h">
      <Filter>ソース ファイル</Filter>
    </ClInclude>
    <ClInclude Include="OnAttackedEnemyHit.h">
      <Filter>HitChecks</Filter>
    </ClInclude>
    <ClInclude Include="EnergyBall.h">
      <Filter>Environment</Filter>
    </ClInclude>
    <ClInclude Include="GameManager.h">
      <Filter>ソース ファイル</Filter>
    </ClInclude>
    <ClInclude Include="Sound.h">
      <Filter>ソース ファイル</Filter>
    </ClInclude>
  </ItemGroup>
</Project>